
Microsoft Visual Studio Solution File, Format Version 12.00
# Visual Studio Version 16
VisualStudioVersion = 16.0.30611.23
MinimumVisualStudioVersion = 10.0.40219.1
Project("{9A19103F-16F7-4668-BE54-9A1E7A4F7556}") = "Lesson8_Task1", "Lesson8_Task1\Lesson8_Task1.csproj", "{BD8F56AB-0166-412D-A676-7FB16AE72BF1}"
EndProject
Project("{FAE04EC0-301F-11D3-BF4B-00C04F79EFBC}") = "Lesson8_Task2", "Lesson8_Task2\Lesson8_Task2.csproj", "{40533380-610F-477B-AE65-C97773B18890}"
EndProject
Project("{2150E333-8FDC-42A3-9474-1A3956D46DE8}") = "Lesson8", "Lesson8", "{05D0A75E-1DCB-4B91-BF69-AD2F9F687A7B}"
EndProject
Global
	GlobalSection(SolutionConfigurationPlatforms) = preSolution
		Debug|Any CPU = Debug|Any CPU
		Release|Any CPU = Release|Any CPU
	EndGlobalSection
	GlobalSection(ProjectConfigurationPlatforms) = postSolution
		{BD8F56AB-0166-412D-A676-7FB16AE72BF1}.Debug|Any CPU.ActiveCfg = Debug|Any CPU
		{BD8F56AB-0166-412D-A676-7FB16AE72BF1}.Debug|Any CPU.Build.0 = Debug|Any CPU
		{BD8F56AB-0166-412D-A676-7FB16AE72BF1}.Release|Any CPU.ActiveCfg = Release|Any CPU
		{BD8F56AB-0166-412D-A676-7FB16AE72BF1}.Release|Any CPU.Build.0 = Release|Any CPU
		{40533380-610F-477B-AE65-C97773B18890}.Debug|Any CPU.ActiveCfg = Debug|Any CPU
		{40533380-610F-477B-AE65-C97773B18890}.Debug|Any CPU.Build.0 = Debug|Any CPU
		{40533380-610F-477B-AE65-C97773B18890}.Release|Any CPU.ActiveCfg = Release|Any CPU
		{40533380-610F-477B-AE65-C97773B18890}.Release|Any CPU.Build.0 = Release|Any CPU
	EndGlobalSection
	GlobalSection(SolutionProperties) = preSolution
		HideSolutionNode = FALSE
	EndGlobalSection
	GlobalSection(NestedProjects) = preSolution
		{BD8F56AB-0166-412D-A676-7FB16AE72BF1} = {05D0A75E-1DCB-4B91-BF69-AD2F9F687A7B}
		{40533380-610F-477B-AE65-C97773B18890} = {05D0A75E-1DCB-4B91-BF69-AD2F9F687A7B}
	EndGlobalSection
	GlobalSection(ExtensibilityGlobals) = postSolution
		SolutionGuid = {DEEB57D8-7279-4254-BC43-560B74DF159F}
	EndGlobalSection
EndGlobal
