
Microsoft Visual Studio Solution File, Format Version 12.00
# Visual Studio Version 16
VisualStudioVersion = 16.0.30611.23
MinimumVisualStudioVersion = 10.0.40219.1
Project("{FAE04EC0-301F-11D3-BF4B-00C04F79EFBC}") = "GB-CSharp", "GB-CSharp\GB-CSharp.csproj", "{7DBD44E1-E02A-418C-9D91-BE63CBEA7289}"
EndProject
Global
	GlobalSection(SolutionConfigurationPlatforms) = preSolution
		Debug|Any CPU = Debug|Any CPU
		Release|Any CPU = Release|Any CPU
	EndGlobalSection
	GlobalSection(ProjectConfigurationPlatforms) = postSolution
		{7DBD44E1-E02A-418C-9D91-BE63CBEA7289}.Debug|Any CPU.ActiveCfg = Debug|Any CPU
		{7DBD44E1-E02A-418C-9D91-BE63CBEA7289}.Debug|Any CPU.Build.0 = Debug|Any CPU
		{7DBD44E1-E02A-418C-9D91-BE63CBEA7289}.Release|Any CPU.ActiveCfg = Release|Any CPU
		{7DBD44E1-E02A-418C-9D91-BE63CBEA7289}.Release|Any CPU.Build.0 = Release|Any CPU
	EndGlobalSection
	GlobalSection(SolutionProperties) = preSolution
		HideSolutionNode = FALSE
	EndGlobalSection
	GlobalSection(ExtensibilityGlobals) = postSolution
		SolutionGuid = {DEEB57D8-7279-4254-BC43-560B74DF159F}
	EndGlobalSection
EndGlobal
